
Microsoft Visual Studio Solution File, Format Version 12.00
# Visual Studio Version 16
VisualStudioVersion = 16.0.31729.503
MinimumVisualStudioVersion = 10.0.40219.1
Project("{FAE04EC0-301F-11D3-BF4B-00C04F79EFBC}") = "vs2019", "vs2019\vs2019.csproj", "{86FE0CC0-D67D-4091-97E7-9F826411EC30}"
EndProject
Global
	GlobalSection(SolutionConfigurationPlatforms) = preSolution
		Debug|Any CPU = Debug|Any CPU
		Release|Any CPU = Release|Any CPU
	EndGlobalSection
	GlobalSection(ProjectConfigurationPlatforms) = postSolution
		{86FE0CC0-D67D-4091-97E7-9F826411EC30}.Debug|Any CPU.ActiveCfg = Debug|Any CPU
		{86FE0CC0-D67D-4091-97E7-9F826411EC30}.Debug|Any CPU.Build.0 = Debug|Any CPU
		{86FE0CC0-D67D-4091-97E7-9F826411EC30}.Release|Any CPU.ActiveCfg = Release|Any CPU
		{86FE0CC0-D67D-4091-97E7-9F826411EC30}.Release|Any CPU.Build.0 = Release|Any CPU
	EndGlobalSection
	GlobalSection(SolutionProperties) = preSolution
		HideSolutionNode = FALSE
	EndGlobalSection
	GlobalSection(ExtensibilityGlobals) = postSolution
		SolutionGuid = {CE839971-A22E-4830-A16B-81BDB2F8207B}
	EndGlobalSection
EndGlobal
